
Microsoft Visual Studio Solution File, Format Version 12.00
# Visual Studio Version 16
VisualStudioVersion = 16.0.29409.12
MinimumVisualStudioVersion = 10.0.40219.1
Project("{9A19103F-16F7-4668-BE54-9A1E7A4F7556}") = "UI", "UI\UI.csproj", "{E5D42942-BB92-484F-8F41-5D041B807327}"
EndProject
Project("{9A19103F-16F7-4668-BE54-9A1E7A4F7556}") = "BaseLayer", "BaseLayer\BaseLayer.csproj", "{B0AC7515-4E16-4D84-8394-FB656D5359D6}"
EndProject
Project("{9A19103F-16F7-4668-BE54-9A1E7A4F7556}") = "APIPlayground", "APIPlayground\APIPlayground.csproj", "{C2210A66-E31C-44CA-A3A0-11AB97C4C066}"
EndProject
Project("{9A19103F-16F7-4668-BE54-9A1E7A4F7556}") = "EPProvider", "EPProvider\EPProvider.csproj", "{58801831-F3C0-48DC-8D73-0EFB120D7385}"
EndProject
Project("{9A19103F-16F7-4668-BE54-9A1E7A4F7556}") = "UnitTests", "UnitTests\UnitTests.csproj", "{111862C8-1DCE-40D2-BFFA-C9E242CCDF02}"
EndProject
Project("{9A19103F-16F7-4668-BE54-9A1E7A4F7556}") = "Support", "Support\Support.csproj", "{8C7FDFD6-8F53-4493-B88F-365A6AFA2492}"
EndProject
Project("{9A19103F-16F7-4668-BE54-9A1E7A4F7556}") = "Playground", "Playground\Playground.csproj", "{F55BE999-A0C4-428F-AF43-09B3FCE5809C}"
EndProject
Project("{9A19103F-16F7-4668-BE54-9A1E7A4F7556}") = "MockProvider", "MockProvider\MockProvider.csproj", "{07E5D104-DCDF-4CCB-97E5-2C1C5DA33693}"
EndProject
Project("{C7167F0D-BC9F-4E6E-AFE1-012C56B48DB5}") = "Installer", "Installer\Installer.wapproj", "{FA995350-767E-4219-9F68-F77F118FA05C}"
EndProject
Project("{FAE04EC0-301F-11D3-BF4B-00C04F79EFBC}") = "ApplicationDataHandler", "ApplicationDataHandler\ApplicationDataHandler.csproj", "{6342AFC5-5DF7-417E-A2EC-BF069F4DB74D}"
EndProject
Global
	GlobalSection(SolutionConfigurationPlatforms) = preSolution
		Debug|Any CPU = Debug|Any CPU
		Debug|ARM = Debug|ARM
		Debug|ARM64 = Debug|ARM64
		Debug|x64 = Debug|x64
		Debug|x86 = Debug|x86
		Release|Any CPU = Release|Any CPU
		Release|ARM = Release|ARM
		Release|ARM64 = Release|ARM64
		Release|x64 = Release|x64
		Release|x86 = Release|x86
	EndGlobalSection
	GlobalSection(ProjectConfigurationPlatforms) = postSolution
		{E5D42942-BB92-484F-8F41-5D041B807327}.Debug|Any CPU.ActiveCfg = Debug|Any CPU
		{E5D42942-BB92-484F-8F41-5D041B807327}.Debug|Any CPU.Build.0 = Debug|Any CPU
		{E5D42942-BB92-484F-8F41-5D041B807327}.Debug|ARM.ActiveCfg = Debug|Any CPU
		{E5D42942-BB92-484F-8F41-5D041B807327}.Debug|ARM.Build.0 = Debug|Any CPU
		{E5D42942-BB92-484F-8F41-5D041B807327}.Debug|ARM64.ActiveCfg = Debug|Any CPU
		{E5D42942-BB92-484F-8F41-5D041B807327}.Debug|ARM64.Build.0 = Debug|Any CPU
		{E5D42942-BB92-484F-8F41-5D041B807327}.Debug|x64.ActiveCfg = Debug|Any CPU
		{E5D42942-BB92-484F-8F41-5D041B807327}.Debug|x64.Build.0 = Debug|Any CPU
		{E5D42942-BB92-484F-8F41-5D041B807327}.Debug|x86.ActiveCfg = Debug|Any CPU
		{E5D42942-BB92-484F-8F41-5D041B807327}.Debug|x86.Build.0 = Debug|Any CPU
		{E5D42942-BB92-484F-8F41-5D041B807327}.Release|Any CPU.ActiveCfg = Release|Any CPU
		{E5D42942-BB92-484F-8F41-5D041B807327}.Release|Any CPU.Build.0 = Release|Any CPU
		{E5D42942-BB92-484F-8F41-5D041B807327}.Release|ARM.ActiveCfg = Release|Any CPU
		{E5D42942-BB92-484F-8F41-5D041B807327}.Release|ARM.Build.0 = Release|Any CPU
		{E5D42942-BB92-484F-8F41-5D041B807327}.Release|ARM64.ActiveCfg = Release|Any CPU
		{E5D42942-BB92-484F-8F41-5D041B807327}.Release|ARM64.Build.0 = Release|Any CPU
		{E5D42942-BB92-484F-8F41-5D041B807327}.Release|x64.ActiveCfg = Release|Any CPU
		{E5D42942-BB92-484F-8F41-5D041B807327}.Release|x64.Build.0 = Release|Any CPU
		{E5D42942-BB92-484F-8F41-5D041B807327}.Release|x86.ActiveCfg = Release|Any CPU
		{E5D42942-BB92-484F-8F41-5D041B807327}.Release|x86.Build.0 = Release|Any CPU
		{B0AC7515-4E16-4D84-8394-FB656D5359D6}.Debug|Any CPU.ActiveCfg = Debug|Any CPU
		{B0AC7515-4E16-4D84-8394-FB656D5359D6}.Debug|Any CPU.Build.0 = Debug|Any CPU
		{B0AC7515-4E16-4D84-8394-FB656D5359D6}.Debug|ARM.ActiveCfg = Debug|Any CPU
		{B0AC7515-4E16-4D84-8394-FB656D5359D6}.Debug|ARM.Build.0 = Debug|Any CPU
		{B0AC7515-4E16-4D84-8394-FB656D5359D6}.Debug|ARM64.ActiveCfg = Debug|Any CPU
		{B0AC7515-4E16-4D84-8394-FB656D5359D6}.Debug|ARM64.Build.0 = Debug|Any CPU
		{B0AC7515-4E16-4D84-8394-FB656D5359D6}.Debug|x64.ActiveCfg = Debug|Any CPU
		{B0AC7515-4E16-4D84-8394-FB656D5359D6}.Debug|x64.Build.0 = Debug|Any CPU
		{B0AC7515-4E16-4D84-8394-FB656D5359D6}.Debug|x86.ActiveCfg = Debug|Any CPU
		{B0AC7515-4E16-4D84-8394-FB656D5359D6}.Debug|x86.Build.0 = Debug|Any CPU
		{B0AC7515-4E16-4D84-8394-FB656D5359D6}.Release|Any CPU.ActiveCfg = Release|Any CPU
		{B0AC7515-4E16-4D84-8394-FB656D5359D6}.Release|Any CPU.Build.0 = Release|Any CPU
		{B0AC7515-4E16-4D84-8394-FB656D5359D6}.Release|ARM.ActiveCfg = Release|Any CPU
		{B0AC7515-4E16-4D84-8394-FB656D5359D6}.Release|ARM.Build.0 = Release|Any CPU
		{B0AC7515-4E16-4D84-8394-FB656D5359D6}.Release|ARM64.ActiveCfg = Release|Any CPU
		{B0AC7515-4E16-4D84-8394-FB656D5359D6}.Release|ARM64.Build.0 = Release|Any CPU
		{B0AC7515-4E16-4D84-8394-FB656D5359D6}.Release|x64.ActiveCfg = Release|Any CPU
		{B0AC7515-4E16-4D84-8394-FB656D5359D6}.Release|x64.Build.0 = Release|Any CPU
		{B0AC7515-4E16-4D84-8394-FB656D5359D6}.Release|x86.ActiveCfg = Release|Any CPU
		{B0AC7515-4E16-4D84-8394-FB656D5359D6}.Release|x86.Build.0 = Release|Any CPU
		{C2210A66-E31C-44CA-A3A0-11AB97C4C066}.Debug|Any CPU.ActiveCfg = Debug|Any CPU
		{C2210A66-E31C-44CA-A3A0-11AB97C4C066}.Debug|Any CPU.Build.0 = Debug|Any CPU
		{C2210A66-E31C-44CA-A3A0-11AB97C4C066}.Debug|ARM.ActiveCfg = Debug|Any CPU
		{C2210A66-E31C-44CA-A3A0-11AB97C4C066}.Debug|ARM.Build.0 = Debug|Any CPU
		{C2210A66-E31C-44CA-A3A0-11AB97C4C066}.Debug|ARM64.ActiveCfg = Debug|Any CPU
		{C2210A66-E31C-44CA-A3A0-11AB97C4C066}.Debug|ARM64.Build.0 = Debug|Any CPU
		{C2210A66-E31C-44CA-A3A0-11AB97C4C066}.Debug|x64.ActiveCfg = Debug|Any CPU
		{C2210A66-E31C-44CA-A3A0-11AB97C4C066}.Debug|x64.Build.0 = Debug|Any CPU
		{C2210A66-E31C-44CA-A3A0-11AB97C4C066}.Debug|x86.ActiveCfg = Debug|Any CPU
		{C2210A66-E31C-44CA-A3A0-11AB97C4C066}.Debug|x86.Build.0 = Debug|Any CPU
		{C2210A66-E31C-44CA-A3A0-11AB97C4C066}.Release|Any CPU.ActiveCfg = Release|Any CPU
		{C2210A66-E31C-44CA-A3A0-11AB97C4C066}.Release|Any CPU.Build.0 = Release|Any CPU
		{C2210A66-E31C-44CA-A3A0-11AB97C4C066}.Release|ARM.ActiveCfg = Release|Any CPU
		{C2210A66-E31C-44CA-A3A0-11AB97C4C066}.Release|ARM.Build.0 = Release|Any CPU
		{C2210A66-E31C-44CA-A3A0-11AB97C4C066}.Release|ARM64.ActiveCfg = Release|Any CPU
		{C2210A66-E31C-44CA-A3A0-11AB97C4C066}.Release|ARM64.Build.0 = Release|Any CPU
		{C2210A66-E31C-44CA-A3A0-11AB97C4C066}.Release|x64.ActiveCfg = Release|Any CPU
		{C2210A66-E31C-44CA-A3A0-11AB97C4C066}.Release|x64.Build.0 = Release|Any CPU
		{C2210A66-E31C-44CA-A3A0-11AB97C4C066}.Release|x86.ActiveCfg = Release|Any CPU
		{C2210A66-E31C-44CA-A3A0-11AB97C4C066}.Release|x86.Build.0 = Release|Any CPU
		{58801831-F3C0-48DC-8D73-0EFB120D7385}.Debug|Any CPU.ActiveCfg = Debug|Any CPU
		{58801831-F3C0-48DC-8D73-0EFB120D7385}.Debug|Any CPU.Build.0 = Debug|Any CPU
		{58801831-F3C0-48DC-8D73-0EFB120D7385}.Debug|ARM.ActiveCfg = Debug|Any CPU
		{58801831-F3C0-48DC-8D73-0EFB120D7385}.Debug|ARM.Build.0 = Debug|Any CPU
		{58801831-F3C0-48DC-8D73-0EFB120D7385}.Debug|ARM64.ActiveCfg = Debug|Any CPU
		{58801831-F3C0-48DC-8D73-0EFB120D7385}.Debug|ARM64.Build.0 = Debug|Any CPU
		{58801831-F3C0-48DC-8D73-0EFB120D7385}.Debug|x64.ActiveCfg = Debug|Any CPU
		{58801831-F3C0-48DC-8D73-0EFB120D7385}.Debug|x64.Build.0 = Debug|Any CPU
		{58801831-F3C0-48DC-8D73-0EFB120D7385}.Debug|x86.ActiveCfg = Debug|Any CPU
		{58801831-F3C0-48DC-8D73-0EFB120D7385}.Debug|x86.Build.0 = Debug|Any CPU
		{58801831-F3C0-48DC-8D73-0EFB120D7385}.Release|Any CPU.ActiveCfg = Release|Any CPU
		{58801831-F3C0-48DC-8D73-0EFB120D7385}.Release|Any CPU.Build.0 = Release|Any CPU
		{58801831-F3C0-48DC-8D73-0EFB120D7385}.Release|ARM.ActiveCfg = Release|Any CPU
		{58801831-F3C0-48DC-8D73-0EFB120D7385}.Release|ARM.Build.0 = Release|Any CPU
		{58801831-F3C0-48DC-8D73-0EFB120D7385}.Release|ARM64.ActiveCfg = Release|Any CPU
		{58801831-F3C0-48DC-8D73-0EFB120D7385}.Release|ARM64.Build.0 = Release|Any CPU
		{58801831-F3C0-48DC-8D73-0EFB120D7385}.Release|x64.ActiveCfg = Release|Any CPU
		{58801831-F3C0-48DC-8D73-0EFB120D7385}.Release|x64.Build.0 = Release|Any CPU
		{58801831-F3C0-48DC-8D73-0EFB120D7385}.Release|x86.ActiveCfg = Release|Any CPU
		{58801831-F3C0-48DC-8D73-0EFB120D7385}.Release|x86.Build.0 = Release|Any CPU
		{111862C8-1DCE-40D2-BFFA-C9E242CCDF02}.Debug|Any CPU.ActiveCfg = Debug|Any CPU
		{111862C8-1DCE-40D2-BFFA-C9E242CCDF02}.Debug|Any CPU.Build.0 = Debug|Any CPU
		{111862C8-1DCE-40D2-BFFA-C9E242CCDF02}.Debug|ARM.ActiveCfg = Debug|Any CPU
		{111862C8-1DCE-40D2-BFFA-C9E242CCDF02}.Debug|ARM.Build.0 = Debug|Any CPU
		{111862C8-1DCE-40D2-BFFA-C9E242CCDF02}.Debug|ARM64.ActiveCfg = Debug|Any CPU
		{111862C8-1DCE-40D2-BFFA-C9E242CCDF02}.Debug|ARM64.Build.0 = Debug|Any CPU
		{111862C8-1DCE-40D2-BFFA-C9E242CCDF02}.Debug|x64.ActiveCfg = Debug|Any CPU
		{111862C8-1DCE-40D2-BFFA-C9E242CCDF02}.Debug|x64.Build.0 = Debug|Any CPU
		{111862C8-1DCE-40D2-BFFA-C9E242CCDF02}.Debug|x86.ActiveCfg = Debug|Any CPU
		{111862C8-1DCE-40D2-BFFA-C9E242CCDF02}.Debug|x86.Build.0 = Debug|Any CPU
		{111862C8-1DCE-40D2-BFFA-C9E242CCDF02}.Release|Any CPU.ActiveCfg = Release|Any CPU
		{111862C8-1DCE-40D2-BFFA-C9E242CCDF02}.Release|Any CPU.Build.0 = Release|Any CPU
		{111862C8-1DCE-40D2-BFFA-C9E242CCDF02}.Release|ARM.ActiveCfg = Release|Any CPU
		{111862C8-1DCE-40D2-BFFA-C9E242CCDF02}.Release|ARM.Build.0 = Release|Any CPU
		{111862C8-1DCE-40D2-BFFA-C9E242CCDF02}.Release|ARM64.ActiveCfg = Release|Any CPU
		{111862C8-1DCE-40D2-BFFA-C9E242CCDF02}.Release|ARM64.Build.0 = Release|Any CPU
		{111862C8-1DCE-40D2-BFFA-C9E242CCDF02}.Release|x64.ActiveCfg = Release|Any CPU
		{111862C8-1DCE-40D2-BFFA-C9E242CCDF02}.Release|x64.Build.0 = Release|Any CPU
		{111862C8-1DCE-40D2-BFFA-C9E242CCDF02}.Release|x86.ActiveCfg = Release|Any CPU
		{111862C8-1DCE-40D2-BFFA-C9E242CCDF02}.Release|x86.Build.0 = Release|Any CPU
		{8C7FDFD6-8F53-4493-B88F-365A6AFA2492}.Debug|Any CPU.ActiveCfg = Debug|Any CPU
		{8C7FDFD6-8F53-4493-B88F-365A6AFA2492}.Debug|Any CPU.Build.0 = Debug|Any CPU
		{8C7FDFD6-8F53-4493-B88F-365A6AFA2492}.Debug|ARM.ActiveCfg = Debug|Any CPU
		{8C7FDFD6-8F53-4493-B88F-365A6AFA2492}.Debug|ARM.Build.0 = Debug|Any CPU
		{8C7FDFD6-8F53-4493-B88F-365A6AFA2492}.Debug|ARM64.ActiveCfg = Debug|Any CPU
		{8C7FDFD6-8F53-4493-B88F-365A6AFA2492}.Debug|ARM64.Build.0 = Debug|Any CPU
		{8C7FDFD6-8F53-4493-B88F-365A6AFA2492}.Debug|x64.ActiveCfg = Debug|Any CPU
		{8C7FDFD6-8F53-4493-B88F-365A6AFA2492}.Debug|x64.Build.0 = Debug|Any CPU
		{8C7FDFD6-8F53-4493-B88F-365A6AFA2492}.Debug|x86.ActiveCfg = Debug|Any CPU
		{8C7FDFD6-8F53-4493-B88F-365A6AFA2492}.Debug|x86.Build.0 = Debug|Any CPU
		{8C7FDFD6-8F53-4493-B88F-365A6AFA2492}.Release|Any CPU.ActiveCfg = Release|Any CPU
		{8C7FDFD6-8F53-4493-B88F-365A6AFA2492}.Release|Any CPU.Build.0 = Release|Any CPU
		{8C7FDFD6-8F53-4493-B88F-365A6AFA2492}.Release|ARM.ActiveCfg = Release|Any CPU
		{8C7FDFD6-8F53-4493-B88F-365A6AFA2492}.Release|ARM.Build.0 = Release|Any CPU
		{8C7FDFD6-8F53-4493-B88F-365A6AFA2492}.Release|ARM64.ActiveCfg = Release|Any CPU
		{8C7FDFD6-8F53-4493-B88F-365A6AFA2492}.Release|ARM64.Build.0 = Release|Any CPU
		{8C7FDFD6-8F53-4493-B88F-365A6AFA2492}.Release|x64.ActiveCfg = Release|Any CPU
		{8C7FDFD6-8F53-4493-B88F-365A6AFA2492}.Release|x64.Build.0 = Release|Any CPU
		{8C7FDFD6-8F53-4493-B88F-365A6AFA2492}.Release|x86.ActiveCfg = Release|Any CPU
		{8C7FDFD6-8F53-4493-B88F-365A6AFA2492}.Release|x86.Build.0 = Release|Any CPU
		{F55BE999-A0C4-428F-AF43-09B3FCE5809C}.Debug|Any CPU.ActiveCfg = Debug|Any CPU
		{F55BE999-A0C4-428F-AF43-09B3FCE5809C}.Debug|Any CPU.Build.0 = Debug|Any CPU
		{F55BE999-A0C4-428F-AF43-09B3FCE5809C}.Debug|ARM.ActiveCfg = Debug|Any CPU
		{F55BE999-A0C4-428F-AF43-09B3FCE5809C}.Debug|ARM.Build.0 = Debug|Any CPU
		{F55BE999-A0C4-428F-AF43-09B3FCE5809C}.Debug|ARM64.ActiveCfg = Debug|Any CPU
		{F55BE999-A0C4-428F-AF43-09B3FCE5809C}.Debug|ARM64.Build.0 = Debug|Any CPU
		{F55BE999-A0C4-428F-AF43-09B3FCE5809C}.Debug|x64.ActiveCfg = Debug|Any CPU
		{F55BE999-A0C4-428F-AF43-09B3FCE5809C}.Debug|x64.Build.0 = Debug|Any CPU
		{F55BE999-A0C4-428F-AF43-09B3FCE5809C}.Debug|x86.ActiveCfg = Debug|Any CPU
		{F55BE999-A0C4-428F-AF43-09B3FCE5809C}.Debug|x86.Build.0 = Debug|Any CPU
		{F55BE999-A0C4-428F-AF43-09B3FCE5809C}.Release|Any CPU.ActiveCfg = Release|Any CPU
		{F55BE999-A0C4-428F-AF43-09B3FCE5809C}.Release|Any CPU.Build.0 = Release|Any CPU
		{F55BE999-A0C4-428F-AF43-09B3FCE5809C}.Release|ARM.ActiveCfg = Release|Any CPU
		{F55BE999-A0C4-428F-AF43-09B3FCE5809C}.Release|ARM.Build.0 = Release|Any CPU
		{F55BE999-A0C4-428F-AF43-09B3FCE5809C}.Release|ARM64.ActiveCfg = Release|Any CPU
		{F55BE999-A0C4-428F-AF43-09B3FCE5809C}.Release|ARM64.Build.0 = Release|Any CPU
		{F55BE999-A0C4-428F-AF43-09B3FCE5809C}.Release|x64.ActiveCfg = Release|Any CPU
		{F55BE999-A0C4-428F-AF43-09B3FCE5809C}.Release|x64.Build.0 = Release|Any CPU
		{F55BE999-A0C4-428F-AF43-09B3FCE5809C}.Release|x86.ActiveCfg = Release|Any CPU
		{F55BE999-A0C4-428F-AF43-09B3FCE5809C}.Release|x86.Build.0 = Release|Any CPU
		{07E5D104-DCDF-4CCB-97E5-2C1C5DA33693}.Debug|Any CPU.ActiveCfg = Debug|Any CPU
		{07E5D104-DCDF-4CCB-97E5-2C1C5DA33693}.Debug|Any CPU.Build.0 = Debug|Any CPU
		{07E5D104-DCDF-4CCB-97E5-2C1C5DA33693}.Debug|ARM.ActiveCfg = Debug|Any CPU
		{07E5D104-DCDF-4CCB-97E5-2C1C5DA33693}.Debug|ARM.Build.0 = Debug|Any CPU
		{07E5D104-DCDF-4CCB-97E5-2C1C5DA33693}.Debug|ARM64.ActiveCfg = Debug|Any CPU
		{07E5D104-DCDF-4CCB-97E5-2C1C5DA33693}.Debug|ARM64.Build.0 = Debug|Any CPU
		{07E5D104-DCDF-4CCB-97E5-2C1C5DA33693}.Debug|x64.ActiveCfg = Debug|Any CPU
		{07E5D104-DCDF-4CCB-97E5-2C1C5DA33693}.Debug|x64.Build.0 = Debug|Any CPU
		{07E5D104-DCDF-4CCB-97E5-2C1C5DA33693}.Debug|x86.ActiveCfg = Debug|Any CPU
		{07E5D104-DCDF-4CCB-97E5-2C1C5DA33693}.Debug|x86.Build.0 = Debug|Any CPU
		{07E5D104-DCDF-4CCB-97E5-2C1C5DA33693}.Release|Any CPU.ActiveCfg = Release|Any CPU
		{07E5D104-DCDF-4CCB-97E5-2C1C5DA33693}.Release|Any CPU.Build.0 = Release|Any CPU
		{07E5D104-DCDF-4CCB-97E5-2C1C5DA33693}.Release|ARM.ActiveCfg = Release|Any CPU
		{07E5D104-DCDF-4CCB-97E5-2C1C5DA33693}.Release|ARM.Build.0 = Release|Any CPU
		{07E5D104-DCDF-4CCB-97E5-2C1C5DA33693}.Release|ARM64.ActiveCfg = Release|Any CPU
		{07E5D104-DCDF-4CCB-97E5-2C1C5DA33693}.Release|ARM64.Build.0 = Release|Any CPU
		{07E5D104-DCDF-4CCB-97E5-2C1C5DA33693}.Release|x64.ActiveCfg = Release|Any CPU
		{07E5D104-DCDF-4CCB-97E5-2C1C5DA33693}.Release|x64.Build.0 = Release|Any CPU
		{07E5D104-DCDF-4CCB-97E5-2C1C5DA33693}.Release|x86.ActiveCfg = Release|Any CPU
		{07E5D104-DCDF-4CCB-97E5-2C1C5DA33693}.Release|x86.Build.0 = Release|Any CPU
		{FA995350-767E-4219-9F68-F77F118FA05C}.Debug|Any CPU.ActiveCfg = Debug|Any CPU
		{FA995350-767E-4219-9F68-F77F118FA05C}.Debug|Any CPU.Build.0 = Debug|Any CPU
		{FA995350-767E-4219-9F68-F77F118FA05C}.Debug|Any CPU.Deploy.0 = Debug|Any CPU
		{FA995350-767E-4219-9F68-F77F118FA05C}.Debug|ARM.ActiveCfg = Debug|ARM
		{FA995350-767E-4219-9F68-F77F118FA05C}.Debug|ARM.Build.0 = Debug|ARM
		{FA995350-767E-4219-9F68-F77F118FA05C}.Debug|ARM.Deploy.0 = Debug|ARM
		{FA995350-767E-4219-9F68-F77F118FA05C}.Debug|ARM64.ActiveCfg = Debug|ARM64
		{FA995350-767E-4219-9F68-F77F118FA05C}.Debug|ARM64.Build.0 = Debug|ARM64
		{FA995350-767E-4219-9F68-F77F118FA05C}.Debug|ARM64.Deploy.0 = Debug|ARM64
		{FA995350-767E-4219-9F68-F77F118FA05C}.Debug|x64.ActiveCfg = Debug|x64
		{FA995350-767E-4219-9F68-F77F118FA05C}.Debug|x64.Build.0 = Debug|x64
		{FA995350-767E-4219-9F68-F77F118FA05C}.Debug|x64.Deploy.0 = Debug|x64
		{FA995350-767E-4219-9F68-F77F118FA05C}.Debug|x86.ActiveCfg = Debug|x86
		{FA995350-767E-4219-9F68-F77F118FA05C}.Debug|x86.Build.0 = Debug|x86
		{FA995350-767E-4219-9F68-F77F118FA05C}.Debug|x86.Deploy.0 = Debug|x86
		{FA995350-767E-4219-9F68-F77F118FA05C}.Release|Any CPU.ActiveCfg = Release|Any CPU
		{FA995350-767E-4219-9F68-F77F118FA05C}.Release|Any CPU.Build.0 = Release|Any CPU
		{FA995350-767E-4219-9F68-F77F118FA05C}.Release|Any CPU.Deploy.0 = Release|Any CPU
		{FA995350-767E-4219-9F68-F77F118FA05C}.Release|ARM.ActiveCfg = Release|ARM
		{FA995350-767E-4219-9F68-F77F118FA05C}.Release|ARM.Build.0 = Release|ARM
		{FA995350-767E-4219-9F68-F77F118FA05C}.Release|ARM.Deploy.0 = Release|ARM
		{FA995350-767E-4219-9F68-F77F118FA05C}.Release|ARM64.ActiveCfg = Release|ARM64
		{FA995350-767E-4219-9F68-F77F118FA05C}.Release|ARM64.Build.0 = Release|ARM64
		{FA995350-767E-4219-9F68-F77F118FA05C}.Release|ARM64.Deploy.0 = Release|ARM64
		{FA995350-767E-4219-9F68-F77F118FA05C}.Release|x64.ActiveCfg = Release|x64
		{FA995350-767E-4219-9F68-F77F118FA05C}.Release|x64.Build.0 = Release|x64
		{FA995350-767E-4219-9F68-F77F118FA05C}.Release|x64.Deploy.0 = Release|x64
		{FA995350-767E-4219-9F68-F77F118FA05C}.Release|x86.ActiveCfg = Release|x86
		{FA995350-767E-4219-9F68-F77F118FA05C}.Release|x86.Build.0 = Release|x86
		{FA995350-767E-4219-9F68-F77F118FA05C}.Release|x86.Deploy.0 = Release|x86
		{6342AFC5-5DF7-417E-A2EC-BF069F4DB74D}.Debug|Any CPU.ActiveCfg = Debug|Any CPU
		{6342AFC5-5DF7-417E-A2EC-BF069F4DB74D}.Debug|Any CPU.Build.0 = Debug|Any CPU
		{6342AFC5-5DF7-417E-A2EC-BF069F4DB74D}.Debug|ARM.ActiveCfg = Debug|Any CPU
		{6342AFC5-5DF7-417E-A2EC-BF069F4DB74D}.Debug|ARM.Build.0 = Debug|Any CPU
		{6342AFC5-5DF7-417E-A2EC-BF069F4DB74D}.Debug|ARM64.ActiveCfg = Debug|Any CPU
		{6342AFC5-5DF7-417E-A2EC-BF069F4DB74D}.Debug|ARM64.Build.0 = Debug|Any CPU
		{6342AFC5-5DF7-417E-A2EC-BF069F4DB74D}.Debug|x64.ActiveCfg = Debug|Any CPU
		{6342AFC5-5DF7-417E-A2EC-BF069F4DB74D}.Debug|x64.Build.0 = Debug|Any CPU
		{6342AFC5-5DF7-417E-A2EC-BF069F4DB74D}.Debug|x86.ActiveCfg = Debug|Any CPU
		{6342AFC5-5DF7-417E-A2EC-BF069F4DB74D}.Debug|x86.Build.0 = Debug|Any CPU
		{6342AFC5-5DF7-417E-A2EC-BF069F4DB74D}.Release|Any CPU.ActiveCfg = Release|Any CPU
		{6342AFC5-5DF7-417E-A2EC-BF069F4DB74D}.Release|Any CPU.Build.0 = Release|Any CPU
		{6342AFC5-5DF7-417E-A2EC-BF069F4DB74D}.Release|ARM.ActiveCfg = Release|Any CPU
		{6342AFC5-5DF7-417E-A2EC-BF069F4DB74D}.Release|ARM.Build.0 = Release|Any CPU
		{6342AFC5-5DF7-417E-A2EC-BF069F4DB74D}.Release|ARM64.ActiveCfg = Release|Any CPU
		{6342AFC5-5DF7-417E-A2EC-BF069F4DB74D}.Release|ARM64.Build.0 = Release|Any CPU
		{6342AFC5-5DF7-417E-A2EC-BF069F4DB74D}.Release|x64.ActiveCfg = Release|Any CPU
		{6342AFC5-5DF7-417E-A2EC-BF069F4DB74D}.Release|x64.Build.0 = Release|Any CPU
		{6342AFC5-5DF7-417E-A2EC-BF069F4DB74D}.Release|x86.ActiveCfg = Release|Any CPU
		{6342AFC5-5DF7-417E-A2EC-BF069F4DB74D}.Release|x86.Build.0 = Release|Any CPU
	EndGlobalSection
	GlobalSection(SolutionProperties) = preSolution
		HideSolutionNode = FALSE
	EndGlobalSection
	GlobalSection(ExtensibilityGlobals) = postSolution
		SolutionGuid = {39E81D4F-1636-482B-85F0-9D14B7A6B1D4}
	EndGlobalSection
EndGlobal
